Microsoft Visual Studio Solution File, Format Version 12.00
# Visual Studio Version 17
VisualStudioVersion = 17.5.2.0
MinimumVisualStudioVersion = 10.0.40219.1
Project("{FAE04EC0-301F-11D3-BF4B-00C04F79EFBC}") = "XMIT501_CS", "XMIT501_CS.csproj", "{A5A0C87F-9A42-C301-8026-55367C01D124}"
EndProject
Global
	GlobalSection(SolutionConfigurationPlatforms) = preSolution
		Debug|Any CPU = Debug|Any CPU
		Release|Any CPU = Release|Any CPU
	EndGlobalSection
	GlobalSection(ProjectConfigurationPlatforms) = postSolution
		{A5A0C87F-9A42-C301-8026-55367C01D124}.Debug|Any CPU.ActiveCfg = Debug|Any CPU
		{A5A0C87F-9A42-C301-8026-55367C01D124}.Debug|Any CPU.Build.0 = Debug|Any CPU
		{A5A0C87F-9A42-C301-8026-55367C01D124}.Release|Any CPU.ActiveCfg = Release|Any CPU
		{A5A0C87F-9A42-C301-8026-55367C01D124}.Release|Any CPU.Build.0 = Release|Any CPU
	EndGlobalSection
	GlobalSection(SolutionProperties) = preSolution
		HideSolutionNode = FALSE
	EndGlobalSection
	GlobalSection(ExtensibilityGlobals) = postSolution
		SolutionGuid = {6D669506-CC13-4D85-8442-B12D453D563F}
	EndGlobalSection
EndGlobal
